
Microsoft Visual Studio Solution File, Format Version 12.00
# Visual Studio Version 17
VisualStudioVersion = 17.7.34202.233
MinimumVisualStudioVersion = 10.0.40219.1
Project("{8BC9CEB8-8B4A-11D0-8D11-00A0C91BC942}") = "ArvoreAVL", "ArvoreAVL.vcxproj", "{FD5BBCAF-5B52-4C10-BC14-36EC5E92E184}"
EndProject
Global
	GlobalSection(SolutionConfigurationPlatforms) = preSolution
		Debug|x64 = Debug|x64
		Debug|x86 = Debug|x86
		Release|x64 = Release|x64
		Release|x86 = Release|x86
	EndGlobalSection
	GlobalSection(ProjectConfigurationPlatforms) = postSolution
		{FD5BBCAF-5B52-4C10-BC14-36EC5E92E184}.Debug|x64.ActiveCfg = Debug|x64
		{FD5BBCAF-5B52-4C10-BC14-36EC5E92E184}.Debug|x64.Build.0 = Debug|x64
		{FD5BBCAF-5B52-4C10-BC14-36EC5E92E184}.Debug|x86.ActiveCfg = Debug|Win32
		{FD5BBCAF-5B52-4C10-BC14-36EC5E92E184}.Debug|x86.Build.0 = Debug|Win32
		{FD5BBCAF-5B52-4C10-BC14-36EC5E92E184}.Release|x64.ActiveCfg = Release|x64
		{FD5BBCAF-5B52-4C10-BC14-36EC5E92E184}.Release|x64.Build.0 = Release|x64
		{FD5BBCAF-5B52-4C10-BC14-36EC5E92E184}.Release|x86.ActiveCfg = Release|Win32
		{FD5BBCAF-5B52-4C10-BC14-36EC5E92E184}.Release|x86.Build.0 = Release|Win32
	EndGlobalSection
	GlobalSection(SolutionProperties) = preSolution
		HideSolutionNode = FALSE
	EndGlobalSection
	GlobalSection(ExtensibilityGlobals) = postSolution
		SolutionGuid = {064C4F49-9C18-4B67-A726-EE8BBF5E7B5A}
	EndGlobalSection
EndGlobal
